Microsoft Visual Studio Solution File, Format Version 12.00
# Visual Studio Version 17
VisualStudioVersion = 17.5.2.0
MinimumVisualStudioVersion = 10.0.40219.1
Project("{FAE04EC0-301F-11D3-BF4B-00C04F79EFBC}") = "ApiPlanetasCSharp", "ApiPlanetasCSharp.csproj", "{F728B03B-4D58-5C90-F7B2-284786427E71}"
EndProject
Global
	GlobalSection(SolutionConfigurationPlatforms) = preSolution
		Debug|Any CPU = Debug|Any CPU
		Release|Any CPU = Release|Any CPU
	EndGlobalSection
	GlobalSection(ProjectConfigurationPlatforms) = postSolution
		{F728B03B-4D58-5C90-F7B2-284786427E71}.Debug|Any CPU.ActiveCfg = Debug|Any CPU
		{F728B03B-4D58-5C90-F7B2-284786427E71}.Debug|Any CPU.Build.0 = Debug|Any CPU
		{F728B03B-4D58-5C90-F7B2-284786427E71}.Release|Any CPU.ActiveCfg = Release|Any CPU
		{F728B03B-4D58-5C90-F7B2-284786427E71}.Release|Any CPU.Build.0 = Release|Any CPU
	EndGlobalSection
	GlobalSection(SolutionProperties) = preSolution
		HideSolutionNode = FALSE
	EndGlobalSection
	GlobalSection(ExtensibilityGlobals) = postSolution
		SolutionGuid = {6A95064B-EA0F-4B2C-82BF-4CEFE06B3E8C}
	EndGlobalSection
EndGlobal
